
Microsoft Visual Studio Solution File, Format Version 12.00
# Visual Studio Version 17
VisualStudioVersion = 17.13.35818.85 d17.13
MinimumVisualStudioVersion = 10.0.40219.1
Project("{FAE04EC0-301F-11D3-BF4B-00C04F79EFBC}") = "win-audio-analyzer", "win-audio-analyzer.csproj", "{7C1D3ED5-FC88-4201-88DE-1A7AAA913407}"
EndProject
Global
	GlobalSection(SolutionConfigurationPlatforms) = preSolution
		Debug|Any CPU = Debug|Any CPU
		Release|Any CPU = Release|Any CPU
	EndGlobalSection
	GlobalSection(ProjectConfigurationPlatforms) = postSolution
		{7C1D3ED5-FC88-4201-88DE-1A7AAA913407}.Debug|Any CPU.ActiveCfg = Debug|Any CPU
		{7C1D3ED5-FC88-4201-88DE-1A7AAA913407}.Debug|Any CPU.Build.0 = Debug|Any CPU
		{7C1D3ED5-FC88-4201-88DE-1A7AAA913407}.Release|Any CPU.ActiveCfg = Release|Any CPU
		{7C1D3ED5-FC88-4201-88DE-1A7AAA913407}.Release|Any CPU.Build.0 = Release|Any CPU
	EndGlobalSection
	GlobalSection(SolutionProperties) = preSolution
		HideSolutionNode = FALSE
	EndGlobalSection
	GlobalSection(ExtensibilityGlobals) = postSolution
		SolutionGuid = {778A6DBE-8D91-41C1-9C4C-E0F07B96DB97}
	EndGlobalSection
EndGlobal
